// !$*UTF8*$!
{
	archiveVersion = 1;
	classes = {
	};
	objectVersion = 77;
	objects = {

/* Begin PBXBuildFile section */
		412FF02C2E2E07E30005F34C /* Info.plist in Resources */ = {isa = PBXBuildFile; fileRef = 41FCB8572E21711A00B5FB92 /* Info.plist */; };
		412FF02D2E2E07F00005F34C /* .gitignore in Resources */ = {isa = PBXBuildFile; fileRef = 2800F7402DA1CE9A008FE5F9 /* .gitignore */; };
		412FF02E2E2E07F60005F34C /* Info.xcprivacy in Resources */ = {isa = PBXBuildFile; fileRef = 41FCB8592E2172C900B5FB92 /* Info.xcprivacy */; };
/* End PBXBuildFile section */

/* Begin PBXContainerItemProxy section */
		2857D4822D5F8A8100EE1012 /* PBXContainerItemProxy */ = {
			isa = PBXContainerItemProxy;
			containerPortal = 2857D4682D5F8A8000EE1012 /* Project object */;
			proxyType = 1;
			remoteGlobalIDString = 2857D46F2D5F8A8000EE1012;
			remoteInfo = freewrite;
		};
		2857D48C2D5F8A8100EE1012 /* PBXContainerItemProxy */ = {
			isa = PBXContainerItemProxy;
			containerPortal = 2857D4682D5F8A8000EE1012 /* Project object */;
			proxyType = 1;
			remoteGlobalIDString = 2857D46F2D5F8A8000EE1012;
			remoteInfo = freewrite;
		};
		412FEFF22E2DCEA60005F34C /* PBXContainerItemProxy */ = {
			isa = PBXContainerItemProxy;
			containerPortal = 2857D4682D5F8A8000EE1012 /* Project object */;
			proxyType = 1;
			remoteGlobalIDString = 412FEFE02E2DCEA50005F34C;
			remoteInfo = journal;
		};
		412FEFFC2E2DCEA60005F34C /* PBXContainerItemProxy */ = {
			isa = PBXContainerItemProxy;
			containerPortal = 2857D4682D5F8A8000EE1012 /* Project object */;
			proxyType = 1;
			remoteGlobalIDString = 412FEFE02E2DCEA50005F34C;
			remoteInfo = journal;
		};
/* End PBXContainerItemProxy section */

/* Begin PBXFileReference section */
		2800F7402DA1CE9A008FE5F9 /* .gitignore */ = {isa = PBXFileReference; lastKnownFileType = text; path = .gitignore; sourceTree = "<group>"; };
		2857D4702D5F8A8000EE1012 /* freewrite.app */ = {isa = PBXFileReference; explicitFileType = wrapper.application; includeInIndex = 0; path = freewrite.app; sourceTree = BUILT_PRODUCTS_DIR; };
		2857D4812D5F8A8100EE1012 /* freewriteTests.xctest */ = {isa = PBXFileReference; explicitFileType = wrapper.cfbundle; includeInIndex = 0; path = freewriteTests.xctest; sourceTree = BUILT_PRODUCTS_DIR; };
		2857D48B2D5F8A8100EE1012 /* freewriteUITests.xctest */ = {isa = PBXFileReference; explicitFileType = wrapper.cfbundle; includeInIndex = 0; path = freewriteUITests.xctest; sourceTree = BUILT_PRODUCTS_DIR; };
		412FEFE12E2DCEA50005F34C /* journal.app */ = {isa = PBXFileReference; explicitFileType = wrapper.application; includeInIndex = 0; path = journal.app; sourceTree = BUILT_PRODUCTS_DIR; };
		412FEFF12E2DCEA60005F34C /* journalTests.xctest */ = {isa = PBXFileReference; explicitFileType = wrapper.cfbundle; includeInIndex = 0; path = journalTests.xctest; sourceTree = BUILT_PRODUCTS_DIR; };
		412FEFFB2E2DCEA60005F34C /* journalUITests.xctest */ = {isa = PBXFileReference; explicitFileType = wrapper.cfbundle; includeInIndex = 0; path = journalUITests.xctest; sourceTree = BUILT_PRODUCTS_DIR; };
		41FCB8572E21711A00B5FB92 /* Info.plist */ = {isa = PBXFileReference; lastKnownFileType = text.plist.xml; path = Info.plist; sourceTree = "<group>"; };
		41FCB8592E2172C900B5FB92 /* Info.xcprivacy */ = {isa = PBXFileReference; lastKnownFileType = text.xml; path = Info.xcprivacy; sourceTree = "<group>"; };
/* End PBXFileReference section */

/* Begin PBXFileSystemSynchronizedRootGroup section */
		412FEFE22E2DCEA50005F34C /* journal */ = {
			isa = PBXFileSystemSynchronizedRootGroup;
			path = journal;
			sourceTree = "<group>";
		};
		412FEFF42E2DCEA60005F34C /* journalTests */ = {
			isa = PBXFileSystemSynchronizedRootGroup;
			path = journalTests;
			sourceTree = "<group>";
		};
		412FEFFE2E2DCEA60005F34C /* journalUITests */ = {
			isa = PBXFileSystemSynchronizedRootGroup;
			path = journalUITests;
			sourceTree = "<group>";
		};
/* End PBXFileSystemSynchronizedRootGroup section */

/* Begin PBXFrameworksBuildPhase section */
		2857D46D2D5F8A8000EE1012 /* Frameworks */ = {
			isa = PBXFrameworksBuildPhase;
			buildActionMask = 2147483647;
			files = (
			);
			runOnlyForDeploymentPostprocessing = 0;
		};
		2857D47E2D5F8A8100EE1012 /* Frameworks */ = {
			isa = PBXFrameworksBuildPhase;
			buildActionMask = 2147483647;
			files = (
			);
			runOnlyForDeploymentPostprocessing = 0;
		};
		2857D4882D5F8A8100EE1012 /* Frameworks */ = {
			isa = PBXFrameworksBuildPhase;
			buildActionMask = 2147483647;
			files = (
			);
			runOnlyForDeploymentPostprocessing = 0;
		};
		412FEFDE2E2DCEA50005F34C /* Frameworks */ = {
			isa = PBXFrameworksBuildPhase;
			buildActionMask = 2147483647;
			files = (
			);
			runOnlyForDeploymentPostprocessing = 0;
		};
		412FEFEE2E2DCEA60005F34C /* Frameworks */ = {
			isa = PBXFrameworksBuildPhase;
			buildActionMask = 2147483647;
			files = (
			);
			runOnlyForDeploymentPostprocessing = 0;
		};
		412FEFF82E2DCEA60005F34C /* Frameworks */ = {
			isa = PBXFrameworksBuildPhase;
			buildActionMask = 2147483647;
			files = (
			);
			runOnlyForDeploymentPostprocessing = 0;
		};
/* End PBXFrameworksBuildPhase section */

/* Begin PBXGroup section */
		2857D4672D5F8A8000EE1012 = {
			isa = PBXGroup;
			children = (
				41FCB8592E2172C900B5FB92 /* Info.xcprivacy */,
				2800F7402DA1CE9A008FE5F9 /* .gitignore */,
				41FCB8572E21711A00B5FB92 /* Info.plist */,
				412FEFE22E2DCEA50005F34C /* journal */,
				412FEFF42E2DCEA60005F34C /* journalTests */,
				412FEFFE2E2DCEA60005F34C /* journalUITests */,
				2857D4712D5F8A8000EE1012 /* Products */,
			);
			sourceTree = "<group>";
		};
		2857D4712D5F8A8000EE1012 /* Products */ = {
			isa = PBXGroup;
			children = (
				2857D4702D5F8A8000EE1012 /* freewrite.app */,
				2857D4812D5F8A8100EE1012 /* freewriteTests.xctest */,
				2857D48B2D5F8A8100EE1012 /* freewriteUITests.xctest */,
				412FEFE12E2DCEA50005F34C /* journal.app */,
				412FEFF12E2DCEA60005F34C /* journalTests.xctest */,
				412FEFFB2E2DCEA60005F34C /* journalUITests.xctest */,
			);
			name = Products;
			sourceTree = "<group>";
		};
/* End PBXGroup section */

/* Begin PBXNativeTarget section */
		2857D46F2D5F8A8000EE1012 /* freewrite */ = {
			isa = PBXNativeTarget;
			buildConfigurationList = 2857D4952D5F8A8100EE1012 /* Build configuration list for PBXNativeTarget "freewrite" */;
			buildPhases = (
				2857D46C2D5F8A8000EE1012 /* Sources */,
				2857D46D2D5F8A8000EE1012 /* Frameworks */,
				2857D46E2D5F8A8000EE1012 /* Resources */,
			);
			buildRules = (
			);
			dependencies = (
			);
			name = freewrite;
			packageProductDependencies = (
			);
			productName = freewrite;
			productReference = 2857D4702D5F8A8000EE1012 /* freewrite.app */;
			productType = "com.apple.product-type.application";
		};
		2857D4802D5F8A8100EE1012 /* freewriteTests */ = {
			isa = PBXNativeTarget;
			buildConfigurationList = 2857D4982D5F8A8100EE1012 /* Build configuration list for PBXNativeTarget "freewriteTests" */;
			buildPhases = (
				2857D47D2D5F8A8100EE1012 /* Sources */,
				2857D47E2D5F8A8100EE1012 /* Frameworks */,
				2857D47F2D5F8A8100EE1012 /* Resources */,
			);
			buildRules = (
			);
			dependencies = (
				2857D4832D5F8A8100EE1012 /* PBXTargetDependency */,
			);
			name = freewriteTests;
			packageProductDependencies = (
			);
			productName = freewriteTests;
			productReference = 2857D4812D5F8A8100EE1012 /* freewriteTests.xctest */;
			productType = "com.apple.product-type.bundle.unit-test";
		};
		2857D48A2D5F8A8100EE1012 /* freewriteUITests */ = {
			isa = PBXNativeTarget;
			buildConfigurationList = 2857D49B2D5F8A8100EE1012 /* Build configuration list for PBXNativeTarget "freewriteUITests" */;
			buildPhases = (
				2857D4872D5F8A8100EE1012 /* Sources */,
				2857D4882D5F8A8100EE1012 /* Frameworks */,
				2857D4892D5F8A8100EE1012 /* Resources */,
			);
			buildRules = (
			);
			dependencies = (
				2857D48D2D5F8A8100EE1012 /* PBXTargetDependency */,
			);
			name = freewriteUITests;
			packageProductDependencies = (
			);
			productName = freewriteUITests;
			productReference = 2857D48B2D5F8A8100EE1012 /* freewriteUITests.xctest */;
			productType = "com.apple.product-type.bundle.ui-testing";
		};
		412FEFE02E2DCEA50005F34C /* journal */ = {
			isa = PBXNativeTarget;
			buildConfigurationList = 412FF0092E2DCEA60005F34C /* Build configuration list for PBXNativeTarget "journal" */;
			buildPhases = (
				412FEFDD2E2DCEA50005F34C /* Sources */,
				412FEFDE2E2DCEA50005F34C /* Frameworks */,
				412FEFDF2E2DCEA50005F34C /* Resources */,
			);
			buildRules = (
			);
			dependencies = (
			);
			fileSystemSynchronizedGroups = (
				412FEFE22E2DCEA50005F34C /* journal */,
			);
			name = journal;
			packageProductDependencies = (
			);
			productName = journal;
			productReference = 412FEFE12E2DCEA50005F34C /* journal.app */;
			productType = "com.apple.product-type.application";
		};
		412FEFF02E2DCEA60005F34C /* journalTests */ = {
			isa = PBXNativeTarget;
			buildConfigurationList = 412FF00A2E2DCEA60005F34C /* Build configuration list for PBXNativeTarget "journalTests" */;
			buildPhases = (
				412FEFED2E2DCEA60005F34C /* Sources */,
				412FEFEE2E2DCEA60005F34C /* Frameworks */,
				412FEFEF2E2DCEA60005F34C /* Resources */,
			);
			buildRules = (
			);
			dependencies = (
				412FEFF32E2DCEA60005F34C /* PBXTargetDependency */,
			);
			fileSystemSynchronizedGroups = (
				412FEFF42E2DCEA60005F34C /* journalTests */,
			);
			name = journalTests;
			packageProductDependencies = (
			);
			productName = journalTests;
			productReference = 412FEFF12E2DCEA60005F34C /* journalTests.xctest */;
			productType = "com.apple.product-type.bundle.unit-test";
		};
		412FEFFA2E2DCEA60005F34C /* journalUITests */ = {
			isa = PBXNativeTarget;
			buildConfigurationList = 412FF00B2E2DCEA60005F34C /* Build configuration list for PBXNativeTarget "journalUITests" */;
			buildPhases = (
				412FEFF72E2DCEA60005F34C /* Sources */,
				412FEFF82E2DCEA60005F34C /* Frameworks */,
				412FEFF92E2DCEA60005F34C /* Resources */,
			);
			buildRules = (
			);
			dependencies = (
				412FEFFD2E2DCEA60005F34C /* PBXTargetDependency */,
			);
			fileSystemSynchronizedGroups = (
				412FEFFE2E2DCEA60005F34C /* journalUITests */,
			);
			name = journalUITests;
			packageProductDependencies = (
			);
			productName = journalUITests;
			productReference = 412FEFFB2E2DCEA60005F34C /* journalUITests.xctest */;
			productType = "com.apple.product-type.bundle.ui-testing";
		};
/* End PBXNativeTarget section */

/* Begin PBXProject section */
		2857D4682D5F8A8000EE1012 /* Project object */ = {
			isa = PBXProject;
			attributes = {
				BuildIndependentTargetsInParallel = 1;
				LastSwiftUpdateCheck = 1620;
				LastUpgradeCheck = 1610;
				TargetAttributes = {
					2857D46F2D5F8A8000EE1012 = {
						CreatedOnToolsVersion = 16.1;
					};
					2857D4802D5F8A8100EE1012 = {
						CreatedOnToolsVersion = 16.1;
						TestTargetID = 2857D46F2D5F8A8000EE1012;
					};
					2857D48A2D5F8A8100EE1012 = {
						CreatedOnToolsVersion = 16.1;
						TestTargetID = 2857D46F2D5F8A8000EE1012;
					};
					412FEFE02E2DCEA50005F34C = {
						CreatedOnToolsVersion = 16.2;
					};
					412FEFF02E2DCEA60005F34C = {
						CreatedOnToolsVersion = 16.2;
						TestTargetID = 412FEFE02E2DCEA50005F34C;
					};
					412FEFFA2E2DCEA60005F34C = {
						CreatedOnToolsVersion = 16.2;
						TestTargetID = 412FEFE02E2DCEA50005F34C;
					};
				};
			};
			buildConfigurationList = 2857D46B2D5F8A8000EE1012 /* Build configuration list for PBXProject "journal" */;
			developmentRegion = en;
			hasScannedForEncodings = 0;
			knownRegions = (
				en,
				Base,
			);
			mainGroup = 2857D4672D5F8A8000EE1012;
			minimizedProjectReferenceProxies = 1;
			preferredProjectObjectVersion = 77;
			productRefGroup = 2857D4712D5F8A8000EE1012 /* Products */;
			projectDirPath = "";
			projectRoot = "";
			targets = (
				2857D46F2D5F8A8000EE1012 /* freewrite */,
				2857D4802D5F8A8100EE1012 /* freewriteTests */,
				2857D48A2D5F8A8100EE1012 /* freewriteUITests */,
				412FEFE02E2DCEA50005F34C /* journal */,
				412FEFF02E2DCEA60005F34C /* journalTests */,
				412FEFFA2E2DCEA60005F34C /* journalUITests */,
			);
		};
/* End PBXProject section */

/* Begin PBXResourcesBuildPhase section */
		2857D46E2D5F8A8000EE1012 /* Resources */ = {
			isa = PBXResourcesBuildPhase;
			buildActionMask = 2147483647;
			files = (
			);
			runOnlyForDeploymentPostprocessing = 0;
		};
		2857D47F2D5F8A8100EE1012 /* Resources */ = {
			isa = PBXResourcesBuildPhase;
			buildActionMask = 2147483647;
			files = (
			);
			runOnlyForDeploymentPostprocessing = 0;
		};
		2857D4892D5F8A8100EE1012 /* Resources */ = {
			isa = PBXResourcesBuildPhase;
			buildActionMask = 2147483647;
			files = (
			);
			runOnlyForDeploymentPostprocessing = 0;
		};
		412FEFDF2E2DCEA50005F34C /* Resources */ = {
			isa = PBXResourcesBuildPhase;
			buildActionMask = 2147483647;
			files = (
				412FF02C2E2E07E30005F34C /* Info.plist in Resources */,
				412FF02D2E2E07F00005F34C /* .gitignore in Resources */,
				412FF02E2E2E07F60005F34C /* Info.xcprivacy in Resources */,
			);
			runOnlyForDeploymentPostprocessing = 0;
		};
		412FEFEF2E2DCEA60005F34C /* Resources */ = {
			isa = PBXResourcesBuildPhase;
			buildActionMask = 2147483647;
			files = (
			);
			runOnlyForDeploymentPostprocessing = 0;
		};
		412FEFF92E2DCEA60005F34C /* Resources */ = {
			isa = PBXResourcesBuildPhase;
			buildActionMask = 2147483647;
			files = (
			);
			runOnlyForDeploymentPostprocessing = 0;
		};
/* End PBXResourcesBuildPhase section */

/* Begin PBXSourcesBuildPhase section */
		2857D46C2D5F8A8000EE1012 /* Sources */ = {
			isa = PBXSourcesBuildPhase;
			buildActionMask = 2147483647;
			files = (
			);
			runOnlyForDeploymentPostprocessing = 0;
		};
		2857D47D2D5F8A8100EE1012 /* Sources */ = {
			isa = PBXSourcesBuildPhase;
			buildActionMask = 2147483647;
			files = (
			);
			runOnlyForDeploymentPostprocessing = 0;
		};
		2857D4872D5F8A8100EE1012 /* Sources */ = {
			isa = PBXSourcesBuildPhase;
			buildActionMask = 2147483647;
			files = (
			);
			runOnlyForDeploymentPostprocessing = 0;
		};
		412FEFDD2E2DCEA50005F34C /* Sources */ = {
			isa = PBXSourcesBuildPhase;
			buildActionMask = 2147483647;
			files = (
			);
			runOnlyForDeploymentPostprocessing = 0;
		};
		412FEFED2E2DCEA60005F34C /* Sources */ = {
			isa = PBXSourcesBuildPhase;
			buildActionMask = 2147483647;
			files = (
			);
			runOnlyForDeploymentPostprocessing = 0;
		};
		412FEFF72E2DCEA60005F34C /* Sources */ = {
			isa = PBXSourcesBuildPhase;
			buildActionMask = 2147483647;
			files = (
			);
			runOnlyForDeploymentPostprocessing = 0;
		};
/* End PBXSourcesBuildPhase section */

/* Begin PBXTargetDependency section */
		2857D4832D5F8A8100EE1012 /* PBXTargetDependency */ = {
			isa = PBXTargetDependency;
			target = 2857D46F2D5F8A8000EE1012 /* freewrite */;
			targetProxy = 2857D4822D5F8A8100EE1012 /* PBXContainerItemProxy */;
		};
		2857D48D2D5F8A8100EE1012 /* PBXTargetDependency */ = {
			isa = PBXTargetDependency;
			target = 2857D46F2D5F8A8000EE1012 /* freewrite */;
			targetProxy = 2857D48C2D5F8A8100EE1012 /* PBXContainerItemProxy */;
		};
		412FEFF32E2DCEA60005F34C /* PBXTargetDependency */ = {
			isa = PBXTargetDependency;
			target = 412FEFE02E2DCEA50005F34C /* journal */;
			targetProxy = 412FEFF22E2DCEA60005F34C /* PBXContainerItemProxy */;
		};
		412FEFFD2E2DCEA60005F34C /* PBXTargetDependency */ = {
			isa = PBXTargetDependency;
			target = 412FEFE02E2DCEA50005F34C /* journal */;
			targetProxy = 412FEFFC2E2DCEA60005F34C /* PBXContainerItemProxy */;
		};
/* End PBXTargetDependency section */

/* Begin XCBuildConfiguration section */
		2857D4932D5F8A8100EE1012 /* Debug */ = {
			isa = XCBuildConfiguration;
			buildSettings = {
				ALWAYS_SEARCH_USER_PATHS = NO;
				ASSETCATALOG_COMPILER_GENERATE_SWIFT_ASSET_SYMBOL_EXTENSIONS = YES;
				CLANG_ANALYZER_NONNULL = YES;
				CLANG_ANALYZER_NUMBER_OBJECT_CONVERSION = YES_AGGRESSIVE;
				CLANG_CXX_LANGUAGE_STANDARD = "gnu++20";
				CLANG_ENABLE_MODULES = YES;
				CLANG_ENABLE_OBJC_ARC = YES;
				CLANG_ENABLE_OBJC_WEAK = YES;
				CLANG_WARN_BLOCK_CAPTURE_AUTORELEASING = YES;
				CLANG_WARN_BOOL_CONVERSION = YES;
				CLANG_WARN_COMMA = YES;
				CLANG_WARN_CONSTANT_CONVERSION = YES;
				CLANG_WARN_DEPRECATED_OBJC_IMPLEMENTATIONS = YES;
				CLANG_WARN_DIRECT_OBJC_ISA_USAGE = YES_ERROR;
				CLANG_WARN_DOCUMENTATION_COMMENTS = YES;
				CLANG_WARN_EMPTY_BODY = YES;
				CLANG_WARN_ENUM_CONVERSION = YES;
				CLANG_WARN_INFINITE_RECURSION = YES;
				CLANG_WARN_INT_CONVERSION = YES;
				CLANG_WARN_NON_LITERAL_NULL_CONVERSION = YES;
				CLANG_WARN_OBJC_IMPLICIT_RETAIN_SELF = YES;
				CLANG_WARN_OBJC_LITERAL_CONVERSION = YES;
				CLANG_WARN_OBJC_ROOT_CLASS = YES_ERROR;
				CLANG_WARN_QUOTED_INCLUDE_IN_FRAMEWORK_HEADER = YES;
				CLANG_WARN_RANGE_LOOP_ANALYSIS = YES;
				CLANG_WARN_STRICT_PROTOTYPES = YES;
				CLANG_WARN_SUSPICIOUS_MOVE = YES;
				CLANG_WARN_UNGUARDED_AVAILABILITY = YES_AGGRESSIVE;
				CLANG_WARN_UNREACHABLE_CODE = YES;
				CLANG_WARN__DUPLICATE_METHOD_MATCH = YES;
				COPY_PHASE_STRIP = NO;
				DEBUG_INFORMATION_FORMAT = dwarf;
				ENABLE_STRICT_OBJC_MSGSEND = YES;
				ENABLE_TESTABILITY = YES;
				ENABLE_USER_SCRIPT_SANDBOXING = YES;
				GCC_C_LANGUAGE_STANDARD = gnu17;
				GCC_DYNAMIC_NO_PIC = NO;
				GCC_NO_COMMON_BLOCKS = YES;
				GCC_OPTIMIZATION_LEVEL = 0;
				GCC_PREPROCESSOR_DEFINITIONS = (
					"DEBUG=1",
					"$(inherited)",
				);
				GCC_WARN_64_TO_32_BIT_CONVERSION = YES;
				GCC_WARN_ABOUT_RETURN_TYPE = YES_ERROR;
				GCC_WARN_UNDECLARED_SELECTOR = YES;
				GCC_WARN_UNINITIALIZED_AUTOS = YES_AGGRESSIVE;
				GCC_WARN_UNUSED_FUNCTION = YES;
				GCC_WARN_UNUSED_VARIABLE = YES;
				INFOPLIST_FILE = Info.plist;
				INFOPLIST_KEY_NSVoIPUsageDescription = "";
				LOCALIZATION_PREFERS_STRING_CATALOGS = YES;
				MTL_ENABLE_DEBUG_INFO = INCLUDE_SOURCE;
				MTL_FAST_MATH = YES;
				ONLY_ACTIVE_ARCH = YES;
				SWIFT_ACTIVE_COMPILATION_CONDITIONS = "DEBUG $(inherited)";
				SWIFT_OPTIMIZATION_LEVEL = "-Onone";
			};
			name = Debug;
		};
		2857D4942D5F8A8100EE1012 /* Release */ = {
			isa = XCBuildConfiguration;
			buildSettings = {
				ALWAYS_SEARCH_USER_PATHS = NO;
				ASSETCATALOG_COMPILER_GENERATE_SWIFT_ASSET_SYMBOL_EXTENSIONS = YES;
				CLANG_ANALYZER_NONNULL = YES;
				CLANG_ANALYZER_NUMBER_OBJECT_CONVERSION = YES_AGGRESSIVE;
				CLANG_CXX_LANGUAGE_STANDARD = "gnu++20";
				CLANG_ENABLE_MODULES = YES;
				CLANG_ENABLE_OBJC_ARC = YES;
				CLANG_ENABLE_OBJC_WEAK = YES;
				CLANG_WARN_BLOCK_CAPTURE_AUTORELEASING = YES;
				CLANG_WARN_BOOL_CONVERSION = YES;
				CLANG_WARN_COMMA = YES;
				CLANG_WARN_CONSTANT_CONVERSION = YES;
				CLANG_WARN_DEPRECATED_OBJC_IMPLEMENTATIONS = YES;
				CLANG_WARN_DIRECT_OBJC_ISA_USAGE = YES_ERROR;
				CLANG_WARN_DOCUMENTATION_COMMENTS = YES;
				CLANG_WARN_EMPTY_BODY = YES;
				CLANG_WARN_ENUM_CONVERSION = YES;
				CLANG_WARN_INFINITE_RECURSION = YES;
				CLANG_WARN_INT_CONVERSION = YES;
				CLANG_WARN_NON_LITERAL_NULL_CONVERSION = YES;
				CLANG_WARN_OBJC_IMPLICIT_RETAIN_SELF = YES;
				CLANG_WARN_OBJC_LITERAL_CONVERSION = YES;
				CLANG_WARN_OBJC_ROOT_CLASS = YES_ERROR;
				CLANG_WARN_QUOTED_INCLUDE_IN_FRAMEWORK_HEADER = YES;
				CLANG_WARN_RANGE_LOOP_ANALYSIS = YES;
				CLANG_WARN_STRICT_PROTOTYPES = YES;
				CLANG_WARN_SUSPICIOUS_MOVE = YES;
				CLANG_WARN_UNGUARDED_AVAILABILITY = YES_AGGRESSIVE;
				CLANG_WARN_UNREACHABLE_CODE = YES;
				CLANG_WARN__DUPLICATE_METHOD_MATCH = YES;
				COPY_PHASE_STRIP = NO;
				DEBUG_INFORMATION_FORMAT = "dwarf-with-dsym";
				ENABLE_NS_ASSERTIONS = NO;
				ENABLE_STRICT_OBJC_MSGSEND = YES;
				ENABLE_USER_SCRIPT_SANDBOXING = YES;
				GCC_C_LANGUAGE_STANDARD = gnu17;
				GCC_NO_COMMON_BLOCKS = YES;
				GCC_WARN_64_TO_32_BIT_CONVERSION = YES;
				GCC_WARN_ABOUT_RETURN_TYPE = YES_ERROR;
				GCC_WARN_UNDECLARED_SELECTOR = YES;
				GCC_WARN_UNINITIALIZED_AUTOS = YES_AGGRESSIVE;
				GCC_WARN_UNUSED_FUNCTION = YES;
				GCC_WARN_UNUSED_VARIABLE = YES;
				INFOPLIST_FILE = Info.plist;
				INFOPLIST_KEY_NSVoIPUsageDescription = "";
				LOCALIZATION_PREFERS_STRING_CATALOGS = YES;
				MTL_ENABLE_DEBUG_INFO = NO;
				MTL_FAST_MATH = YES;
				SWIFT_COMPILATION_MODE = wholemodule;
			};
			name = Release;
		};
		2857D4962D5F8A8100EE1012 /* Debug */ = {
			isa = XCBuildConfiguration;
			buildSettings = {
				ASSETCATALOG_COMPILER_APPICON_NAME = "";
				"ASSETCATALOG_COMPILER_APPICON_NAME[sdk=macosx*]" = AppIcon;
				ASSETCATALOG_COMPILER_GLOBAL_ACCENT_COLOR_NAME = AccentColor;
				ASSETCATALOG_COMPILER_INCLUDE_ALL_APPICON_ASSETS = YES;
				CODE_SIGN_ENTITLEMENTS = freewrite/freewrite.entitlements;
				"CODE_SIGN_IDENTITY[sdk=macosx*]" = "Apple Development";
				CODE_SIGN_STYLE = Automatic;
				CURRENT_PROJECT_VERSION = 1;
				DEVELOPMENT_ASSET_PATHS = "\"freewrite/Preview Content\"";
				DEVELOPMENT_TEAM = 329SGP4U8Z;
				ENABLE_HARDENED_RUNTIME = YES;
				ENABLE_PREVIEWS = YES;
				GENERATE_INFOPLIST_FILE = NO;
				INFOPLIST_FILE = Info.plist;
				"INFOPLIST_KEY_UIApplicationSceneManifest_Generation[sdk=iphoneos*]" = YES;
				"INFOPLIST_KEY_UIApplicationSceneManifest_Generation[sdk=iphonesimulator*]" = YES;
				"INFOPLIST_KEY_UIApplicationSupportsIndirectInputEvents[sdk=iphoneos*]" = YES;
				"INFOPLIST_KEY_UIApplicationSupportsIndirectInputEvents[sdk=iphonesimulator*]" = YES;
				"INFOPLIST_KEY_UILaunchScreen_Generation[sdk=iphoneos*]" = YES;
				"INFOPLIST_KEY_UILaunchScreen_Generation[sdk=iphonesimulator*]" = YES;
				"INFOPLIST_KEY_UIStatusBarStyle[sdk=iphoneos*]" = UIStatusBarStyleDefault;
				"INFOPLIST_KEY_UIStatusBarStyle[sdk=iphonesimulator*]" = UIStatusBarStyleDefault;
				INFOPLIST_KEY_UISupportedInterfaceOrientations_iPad = "UIInterfaceOrientationPortrait UIInterfaceOrientationPortraitUpsideDown UIInterfaceOrientationLandscapeLeft UIInterfaceOrientationLandscapeRight";
				INFOPLIST_KEY_UISupportedInterfaceOrientations_iPhone = "UIInterfaceOrientationPortrait UIInterfaceOrientationLandscapeLeft UIInterfaceOrientationLandscapeRight";
				IPHONEOS_DEPLOYMENT_TARGET = 18.1;
				LD_RUNPATH_SEARCH_PATHS = "@executable_path/Frameworks";
				"LD_RUNPATH_SEARCH_PATHS[sdk=macosx*]" = "@executable_path/../Frameworks";
				MACOSX_DEPLOYMENT_TARGET = 14.0;
				MARKETING_VERSION = 1.0;
				PRODUCT_BUNDLE_IDENTIFIER = app.breadlabs.journal;
				PRODUCT_NAME = "$(TARGET_NAME)";
				SDKROOT = auto;
				SUPPORTED_PLATFORMS = macosx;
				SUPPORTS_MACCATALYST = NO;
				SWIFT_EMIT_LOC_STRINGS = YES;
				SWIFT_VERSION = 5.0;
				XROS_DEPLOYMENT_TARGET = 2.1;
			};
			name = Debug;
		};
		2857D4972D5F8A8100EE1012 /* Release */ = {
			isa = XCBuildConfiguration;
			buildSettings = {
				ASSETCATALOG_COMPILER_APPICON_NAME = "";
				"ASSETCATALOG_COMPILER_APPICON_NAME[sdk=macosx*]" = AppIcon;
				ASSETCATALOG_COMPILER_GLOBAL_ACCENT_COLOR_NAME = AccentColor;
				ASSETCATALOG_COMPILER_INCLUDE_ALL_APPICON_ASSETS = YES;
				CODE_SIGN_ENTITLEMENTS = freewrite/freewrite.entitlements;
				"CODE_SIGN_IDENTITY[sdk=macosx*]" = "Apple Development";
				CODE_SIGN_STYLE = Automatic;
				CURRENT_PROJECT_VERSION = 1;
				DEVELOPMENT_ASSET_PATHS = "\"freewrite/Preview Content\"";
				DEVELOPMENT_TEAM = 329SGP4U8Z;
				ENABLE_HARDENED_RUNTIME = YES;
				ENABLE_PREVIEWS = YES;
				GENERATE_INFOPLIST_FILE = NO;
				INFOPLIST_FILE = Info.plist;
				"INFOPLIST_KEY_UIApplicationSceneManifest_Generation[sdk=iphoneos*]" = YES;
				"INFOPLIST_KEY_UIApplicationSceneManifest_Generation[sdk=iphonesimulator*]" = YES;
				"INFOPLIST_KEY_UIApplicationSupportsIndirectInputEvents[sdk=iphoneos*]" = YES;
				"INFOPLIST_KEY_UIApplicationSupportsIndirectInputEvents[sdk=iphonesimulator*]" = YES;
				"INFOPLIST_KEY_UILaunchScreen_Generation[sdk=iphoneos*]" = YES;
				"INFOPLIST_KEY_UILaunchScreen_Generation[sdk=iphonesimulator*]" = YES;
				"INFOPLIST_KEY_UIStatusBarStyle[sdk=iphoneos*]" = UIStatusBarStyleDefault;
				"INFOPLIST_KEY_UIStatusBarStyle[sdk=iphonesimulator*]" = UIStatusBarStyleDefault;
				INFOPLIST_KEY_UISupportedInterfaceOrientations_iPad = "UIInterfaceOrientationPortrait UIInterfaceOrientationPortraitUpsideDown UIInterfaceOrientationLandscapeLeft UIInterfaceOrientationLandscapeRight";
				INFOPLIST_KEY_UISupportedInterfaceOrientations_iPhone = "UIInterfaceOrientationPortrait UIInterfaceOrientationLandscapeLeft UIInterfaceOrientationLandscapeRight";
				IPHONEOS_DEPLOYMENT_TARGET = 18.1;
				LD_RUNPATH_SEARCH_PATHS = "@executable_path/Frameworks";
				"LD_RUNPATH_SEARCH_PATHS[sdk=macosx*]" = "@executable_path/../Frameworks";
				MACOSX_DEPLOYMENT_TARGET = 14.0;
				MARKETING_VERSION = 1.0;
				PRODUCT_BUNDLE_IDENTIFIER = app.breadlabs.journal;
				PRODUCT_NAME = "$(TARGET_NAME)";
				SDKROOT = auto;
				SUPPORTED_PLATFORMS = macosx;
				SUPPORTS_MACCATALYST = NO;
				SWIFT_EMIT_LOC_STRINGS = YES;
				SWIFT_VERSION = 5.0;
				XROS_DEPLOYMENT_TARGET = 2.1;
			};
			name = Release;
		};
		2857D4992D5F8A8100EE1012 /* Debug */ = {
			isa = XCBuildConfiguration;
			buildSettings = {
				BUNDLE_LOADER = "$(TEST_HOST)";
				CODE_SIGN_STYLE = Automatic;
				CURRENT_PROJECT_VERSION = 1;
				DEVELOPMENT_TEAM = 6D7X9GGZAW;
				GENERATE_INFOPLIST_FILE = NO;
				INFOPLIST_FILE = "Info.plist\n";
				IPHONEOS_DEPLOYMENT_TARGET = 18.1;
				MACOSX_DEPLOYMENT_TARGET = 15.1;
				MARKETING_VERSION = 1.0;
				PRODUCT_BUNDLE_IDENTIFIER = breadlabs.journalTests;
				PRODUCT_NAME = "$(TARGET_NAME)";
				SDKROOT = auto;
				SUPPORTED_PLATFORMS = "iphoneos iphonesimulator macosx xros xrsimulator";
				SWIFT_EMIT_LOC_STRINGS = NO;
				SWIFT_VERSION = 5.0;
				TARGETED_DEVICE_FAMILY = "1,2,7";
				TEST_HOST = "$(BUILT_PRODUCTS_DIR)/breadlabs.app/$(BUNDLE_EXECUTABLE_FOLDER_PATH)/breadlabs";
				XROS_DEPLOYMENT_TARGET = 2.1;
			};
			name = Debug;
		};
		2857D49A2D5F8A8100EE1012 /* Release */ = {
			isa = XCBuildConfiguration;
			buildSettings = {
				BUNDLE_LOADER = "$(TEST_HOST)";
				CODE_SIGN_STYLE = Automatic;
				CURRENT_PROJECT_VERSION = 1;
				DEVELOPMENT_TEAM = 6D7X9GGZAW;
				GENERATE_INFOPLIST_FILE = NO;
				INFOPLIST_FILE = "Info.plist\n";
				IPHONEOS_DEPLOYMENT_TARGET = 18.1;
				MACOSX_DEPLOYMENT_TARGET = 15.1;
				MARKETING_VERSION = 1.0;
				PRODUCT_BUNDLE_IDENTIFIER = breadlabs.journalTests;
				PRODUCT_NAME = "$(TARGET_NAME)";
				SDKROOT = auto;
				SUPPORTED_PLATFORMS = "iphoneos iphonesimulator macosx xros xrsimulator";
				SWIFT_EMIT_LOC_STRINGS = NO;
				SWIFT_VERSION = 5.0;
				TARGETED_DEVICE_FAMILY = "1,2,7";
				TEST_HOST = "$(BUILT_PRODUCTS_DIR)/breadlabs.app/$(BUNDLE_EXECUTABLE_FOLDER_PATH)/breadlabs";
				XROS_DEPLOYMENT_TARGET = 2.1;
			};
			name = Release;
		};
		2857D49C2D5F8A8100EE1012 /* Debug */ = {
			isa = XCBuildConfiguration;
			buildSettings = {
				CODE_SIGN_STYLE = Automatic;
				CURRENT_PROJECT_VERSION = 1;
				DEVELOPMENT_TEAM = 6D7X9GGZAW;
				GENERATE_INFOPLIST_FILE = NO;
				INFOPLIST_FILE = Info.plist;
				IPHONEOS_DEPLOYMENT_TARGET = 18.1;
				MACOSX_DEPLOYMENT_TARGET = 15.1;
				MARKETING_VERSION = 1.0;
				PRODUCT_BUNDLE_IDENTIFIER = breadlabs.journalUITests;
				PRODUCT_NAME = "$(TARGET_NAME)";
				SDKROOT = auto;
				SUPPORTED_PLATFORMS = "iphoneos iphonesimulator macosx xros xrsimulator";
				SWIFT_EMIT_LOC_STRINGS = NO;
				SWIFT_VERSION = 5.0;
				TARGETED_DEVICE_FAMILY = "1,2,7";
				TEST_TARGET_NAME = journal;
				XROS_DEPLOYMENT_TARGET = 2.1;
			};
			name = Debug;
		};
		2857D49D2D5F8A8100EE1012 /* Release */ = {
			isa = XCBuildConfiguration;
			buildSettings = {
				CODE_SIGN_STYLE = Automatic;
				CURRENT_PROJECT_VERSION = 1;
				DEVELOPMENT_TEAM = 6D7X9GGZAW;
				GENERATE_INFOPLIST_FILE = NO;
				INFOPLIST_FILE = Info.plist;
				IPHONEOS_DEPLOYMENT_TARGET = 18.1;
				MACOSX_DEPLOYMENT_TARGET = 15.1;
				MARKETING_VERSION = 1.0;
				PRODUCT_BUNDLE_IDENTIFIER = humansongs.journalUITests;
				PRODUCT_NAME = "$(TARGET_NAME)";
				SDKROOT = auto;
				SUPPORTED_PLATFORMS = "iphoneos iphonesimulator macosx xros xrsimulator";
				SWIFT_EMIT_LOC_STRINGS = NO;
				SWIFT_VERSION = 5.0;
				TARGETED_DEVICE_FAMILY = "1,2,7";
				TEST_TARGET_NAME = freewrite;
				XROS_DEPLOYMENT_TARGET = 2.1;
			};
			name = Release;
		};
		412FF0032E2DCEA60005F34C /* Debug */ = {
			isa = XCBuildConfiguration;
			buildSettings = {
				ASSETCATALOG_COMPILER_APPICON_NAME = AppIcon;
				ASSETCATALOG_COMPILER_GLOBAL_ACCENT_COLOR_NAME = AccentColor;
				CODE_SIGN_ENTITLEMENTS = journal/journal.entitlements;
				CODE_SIGN_STYLE = Automatic;
				COMBINE_HIDPI_IMAGES = YES;
				CURRENT_PROJECT_VERSION = 1;
				DEVELOPMENT_ASSET_PATHS = "\"journal/Preview Content\"";
				DEVELOPMENT_TEAM = 329SGP4U8Z;
				ENABLE_HARDENED_RUNTIME = YES;
				ENABLE_PREVIEWS = YES;
				GENERATE_INFOPLIST_FILE = YES;
				INFOPLIST_KEY_NSHumanReadableCopyright = "";
				LD_RUNPATH_SEARCH_PATHS = (
					"$(inherited)",
					"@executable_path/../Frameworks",
				);
				MACOSX_DEPLOYMENT_TARGET = 14.6;
				MARKETING_VERSION = 1.0;
				PRODUCT_BUNDLE_IDENTIFIER = app.breadlabs.journal;
				PRODUCT_NAME = "$(TARGET_NAME)";
				SDKROOT = macosx;
				SWIFT_EMIT_LOC_STRINGS = YES;
				SWIFT_VERSION = 5.0;
			};
			name = Debug;
		};
		412FF0042E2DCEA60005F34C /* Release */ = {
			isa = XCBuildConfiguration;
			buildSettings = {
				ASSETCATALOG_COMPILER_APPICON_NAME = AppIcon;
				ASSETCATALOG_COMPILER_GLOBAL_ACCENT_COLOR_NAME = AccentColor;
				CODE_SIGN_ENTITLEMENTS = journal/journal.entitlements;
				CODE_SIGN_STYLE = Automatic;
				COMBINE_HIDPI_IMAGES = YES;
				CURRENT_PROJECT_VERSION = 1;
				DEVELOPMENT_ASSET_PATHS = "\"journal/Preview Content\"";
				DEVELOPMENT_TEAM = 329SGP4U8Z;
				ENABLE_HARDENED_RUNTIME = YES;
				ENABLE_PREVIEWS = YES;
				GENERATE_INFOPLIST_FILE = YES;
				INFOPLIST_KEY_NSHumanReadableCopyright = "";
				LD_RUNPATH_SEARCH_PATHS = (
					"$(inherited)",
					"@executable_path/../Frameworks",
				);
				MACOSX_DEPLOYMENT_TARGET = 14.6;
				MARKETING_VERSION = 1.0;
				PRODUCT_BUNDLE_IDENTIFIER = app.breadlabs.journal;
				PRODUCT_NAME = "$(TARGET_NAME)";
				SDKROOT = macosx;
				SWIFT_EMIT_LOC_STRINGS = YES;
				SWIFT_VERSION = 5.0;
			};
			name = Release;
		};
		412FF0052E2DCEA60005F34C /* Debug */ = {
			isa = XCBuildConfiguration;
			buildSettings = {
				BUNDLE_LOADER = "$(TEST_HOST)";
				CODE_SIGN_STYLE = Automatic;
				CURRENT_PROJECT_VERSION = 1;
				DEVELOPMENT_TEAM = 329SGP4U8Z;
				GENERATE_INFOPLIST_FILE = YES;
				MACOSX_DEPLOYMENT_TARGET = 14.6;
				MARKETING_VERSION = 1.0;
				PRODUCT_BUNDLE_IDENTIFIER = app.breadlabs.journalTests;
				PRODUCT_NAME = "$(TARGET_NAME)";
				SDKROOT = macosx;
				SWIFT_EMIT_LOC_STRINGS = NO;
				SWIFT_VERSION = 5.0;
				TEST_HOST = "$(BUILT_PRODUCTS_DIR)/journal.app/$(BUNDLE_EXECUTABLE_FOLDER_PATH)/journal";
			};
			name = Debug;
		};
		412FF0062E2DCEA60005F34C /* Release */ = {
			isa = XCBuildConfiguration;
			buildSettings = {
				BUNDLE_LOADER = "$(TEST_HOST)";
				CODE_SIGN_STYLE = Automatic;
				CURRENT_PROJECT_VERSION = 1;
				DEVELOPMENT_TEAM = 329SGP4U8Z;
				GENERATE_INFOPLIST_FILE = YES;
				MACOSX_DEPLOYMENT_TARGET = 14.6;
				MARKETING_VERSION = 1.0;
				PRODUCT_BUNDLE_IDENTIFIER = app.breadlabs.journalTests;
				PRODUCT_NAME = "$(TARGET_NAME)";
				SDKROOT = macosx;
				SWIFT_EMIT_LOC_STRINGS = NO;
				SWIFT_VERSION = 5.0;
				TEST_HOST = "$(BUILT_PRODUCTS_DIR)/journal.app/$(BUNDLE_EXECUTABLE_FOLDER_PATH)/journal";
			};
			name = Release;
		};
		412FF0072E2DCEA60005F34C /* Debug */ = {
			isa = XCBuildConfiguration;
			buildSettings = {
				CODE_SIGN_STYLE = Automatic;
				CURRENT_PROJECT_VERSION = 1;
				DEVELOPMENT_TEAM = 329SGP4U8Z;
				GENERATE_INFOPLIST_FILE = YES;
				MACOSX_DEPLOYMENT_TARGET = 14.6;
				MARKETING_VERSION = 1.0;
				PRODUCT_BUNDLE_IDENTIFIER = app.breadlabs.journalUITests;
				PRODUCT_NAME = "$(TARGET_NAME)";
				SDKROOT = macosx;
				SWIFT_EMIT_LOC_STRINGS = NO;
				SWIFT_VERSION = 5.0;
				TEST_TARGET_NAME = journal;
			};
			name = Debug;
		};
		412FF0082E2DCEA60005F34C /* Release */ = {
			isa = XCBuildConfiguration;
			buildSettings = {
				CODE_SIGN_STYLE = Automatic;
				CURRENT_PROJECT_VERSION = 1;
				DEVELOPMENT_TEAM = 329SGP4U8Z;
				GENERATE_INFOPLIST_FILE = YES;
				MACOSX_DEPLOYMENT_TARGET = 14.6;
				MARKETING_VERSION = 1.0;
				PRODUCT_BUNDLE_IDENTIFIER = app.breadlabs.journalUITests;
				PRODUCT_NAME = "$(TARGET_NAME)";
				SDKROOT = macosx;
				SWIFT_EMIT_LOC_STRINGS = NO;
				SWIFT_VERSION = 5.0;
				TEST_TARGET_NAME = journal;
			};
			name = Release;
		};
/* End XCBuildConfiguration section */

/* Begin XCConfigurationList section */
		2857D46B2D5F8A8000EE1012 /* Build configuration list for PBXProject "journal" */ = {
			isa = XCConfigurationList;
			buildConfigurations = (
				2857D4932D5F8A8100EE1012 /* Debug */,
				2857D4942D5F8A8100EE1012 /* Release */,
			);
			defaultConfigurationIsVisible = 0;
			defaultConfigurationName = Release;
		};
		2857D4952D5F8A8100EE1012 /* Build configuration list for PBXNativeTarget "freewrite" */ = {
			isa = XCConfigurationList;
			buildConfigurations = (
				2857D4962D5F8A8100EE1012 /* Debug */,
				2857D4972D5F8A8100EE1012 /* Release */,
			);
			defaultConfigurationIsVisible = 0;
			defaultConfigurationName = Release;
		};
		2857D4982D5F8A8100EE1012 /* Build configuration list for PBXNativeTarget "freewriteTests" */ = {
			isa = XCConfigurationList;
			buildConfigurations = (
				2857D4992D5F8A8100EE1012 /* Debug */,
				2857D49A2D5F8A8100EE1012 /* Release */,
			);
			defaultConfigurationIsVisible = 0;
			defaultConfigurationName = Release;
		};
		2857D49B2D5F8A8100EE1012 /* Build configuration list for PBXNativeTarget "freewriteUITests" */ = {
			isa = XCConfigurationList;
			buildConfigurations = (
				2857D49C2D5F8A8100EE1012 /* Debug */,
				2857D49D2D5F8A8100EE1012 /* Release */,
			);
			defaultConfigurationIsVisible = 0;
			defaultConfigurationName = Release;
		};
		412FF0092E2DCEA60005F34C /* Build configuration list for PBXNativeTarget "journal" */ = {
			isa = XCConfigurationList;
			buildConfigurations = (
				412FF0032E2DCEA60005F34C /* Debug */,
				412FF0042E2DCEA60005F34C /* Release */,
			);
			defaultConfigurationIsVisible = 0;
			defaultConfigurationName = Release;
		};
		412FF00A2E2DCEA60005F34C /* Build configuration list for PBXNativeTarget "journalTests" */ = {
			isa = XCConfigurationList;
			buildConfigurations = (
				412FF0052E2DCEA60005F34C /* Debug */,
				412FF0062E2DCEA60005F34C /* Release */,
			);
			defaultConfigurationIsVisible = 0;
			defaultConfigurationName = Release;
		};
		412FF00B2E2DCEA60005F34C /* Build configuration list for PBXNativeTarget "journalUITests" */ = {
			isa = XCConfigurationList;
			buildConfigurations = (
				412FF0072E2DCEA60005F34C /* Debug */,
				412FF0082E2DCEA60005F34C /* Release */,
			);
			defaultConfigurationIsVisible = 0;
			defaultConfigurationName = Release;
		};
/* End XCConfigurationList section */
	};
	rootObject = 2857D4682D5F8A8000EE1012 /* Project object */;
}
